
Microsoft Visual Studio Solution File, Format Version 12.00
# Visual Studio Version 17
VisualStudioVersion = 17.10.35013.160
MinimumVisualStudioVersion = 10.0.40219.1
Project("{FAE04EC0-301F-11D3-BF4B-00C04F79EFBC}") = "MyDbForTestSynchronous", "MyDbForTestSynchronous\MyDbForTestSynchronous.csproj", "{9515F014-FB33-4A24-90F3-CE65D062D104}"
EndProject
Global
	GlobalSection(SolutionConfigurationPlatforms) = preSolution
		Debug|Any CPU = Debug|Any CPU
		Release|Any CPU = Release|Any CPU
	EndGlobalSection
	GlobalSection(ProjectConfigurationPlatforms) = postSolution
		{9515F014-FB33-4A24-90F3-CE65D062D104}.Debug|Any CPU.ActiveCfg = Debug|Any CPU
		{9515F014-FB33-4A24-90F3-CE65D062D104}.Debug|Any CPU.Build.0 = Debug|Any CPU
		{9515F014-FB33-4A24-90F3-CE65D062D104}.Release|Any CPU.ActiveCfg = Release|Any CPU
		{9515F014-FB33-4A24-90F3-CE65D062D104}.Release|Any CPU.Build.0 = Release|Any CPU
	EndGlobalSection
	GlobalSection(SolutionProperties) = preSolution
		HideSolutionNode = FALSE
	EndGlobalSection
	GlobalSection(ExtensibilityGlobals) = postSolution
		SolutionGuid = {7C98B8A2-3D2B-4D1D-A9E4-EC939303BCDA}
	EndGlobalSection
EndGlobal
